// !$*UTF8*$!
{
	archiveVersion = 1;
	classes = {
	};
	objectVersion = 50;
	objects = {

/* Begin PBXBuildFile section */
		A43978A62A220FCC00406BCB /* AppRouter.swift in Sources */ = {isa = PBXBuildFile; fileRef = A43978A52A220FCC00406BCB /* AppRouter.swift */; };
		A43978AD2A22444700406BCB /* Launch Screen.storyboard in Resources */ = {isa = PBXBuildFile; fileRef = A43978AC2A22444700406BCB /* Launch Screen.storyboard */; };
		A43E63CD2A140D3900FDCDAB /* HTTPClient.swift in Sources */ = {isa = PBXBuildFile; fileRef = A43E63CC2A140D3900FDCDAB /* HTTPClient.swift */; };
		A43E63CF2A14D53F00FDCDAB /* IURLSession.swift in Sources */ = {isa = PBXBuildFile; fileRef = A43E63CE2A14D53F00FDCDAB /* IURLSession.swift */; };
		A43E63D22A14D5E400FDCDAB /* UserService.swift in Sources */ = {isa = PBXBuildFile; fileRef = A43E63D12A14D5E400FDCDAB /* UserService.swift */; };
		A43E63D82A18CC0000FDCDAB /* Token.swift in Sources */ = {isa = PBXBuildFile; fileRef = A43E63D72A18CC0000FDCDAB /* Token.swift */; };
		A44DE39B2A76577600307CBA /* AuthManager.swift in Sources */ = {isa = PBXBuildFile; fileRef = A44DE39A2A76577600307CBA /* AuthManager.swift */; };
		A44DE3A32A76645B00307CBA /* swifty_companionTests.swift in Sources */ = {isa = PBXBuildFile; fileRef = A44DE3A22A76645B00307CBA /* swifty_companionTests.swift */; };
		A44DE3AB2A76649300307CBA /* AppRouterTests.swift in Sources */ = {isa = PBXBuildFile; fileRef = A44DE3AA2A76649300307CBA /* AppRouterTests.swift */; };
		A44DE3AE2A76663D00307CBA /* AuthManagerMock.swift in Sources */ = {isa = PBXBuildFile; fileRef = A44DE3AD2A76663D00307CBA /* AuthManagerMock.swift */; };
		A44DE3B02A76A0CD00307CBA /* KeyValueStorage.swift in Sources */ = {isa = PBXBuildFile; fileRef = A44DE3AF2A76A0CD00307CBA /* KeyValueStorage.swift */; };
		A44DE3B32A76A27F00307CBA /* KeyValueStorageTests.swift in Sources */ = {isa = PBXBuildFile; fileRef = A44DE3B22A76A27F00307CBA /* KeyValueStorageTests.swift */; };
		A44DE3B92A7FC1C800307CBA /* UserSearchResult.swift in Sources */ = {isa = PBXBuildFile; fileRef = A44DE3B82A7FC1C800307CBA /* UserSearchResult.swift */; };
		A44DE3C22A878CD400307CBA /* UserDetailsSection.swift in Sources */ = {isa = PBXBuildFile; fileRef = A44DE3C12A878CD400307CBA /* UserDetailsSection.swift */; };
		A44DE3C42A88E16900307CBA /* UserDetailsBuilder.swift in Sources */ = {isa = PBXBuildFile; fileRef = A44DE3C32A88E16900307CBA /* UserDetailsBuilder.swift */; };
		A44DE3C62A88E52E00307CBA /* UserDetailsPresenter.swift in Sources */ = {isa = PBXBuildFile; fileRef = A44DE3C52A88E52E00307CBA /* UserDetailsPresenter.swift */; };
		A44DE3C82A88F2D400307CBA /* UserSearchBuilder.swift in Sources */ = {isa = PBXBuildFile; fileRef = A44DE3C72A88F2D400307CBA /* UserSearchBuilder.swift */; };
		A44DE3CA2A88F6C300307CBA /* UserSearchPresenter.swift in Sources */ = {isa = PBXBuildFile; fileRef = A44DE3C92A88F6C300307CBA /* UserSearchPresenter.swift */; };
		A44DE3EC2A8A3E7D00307CBA /* UserSearchRouter.swift in Sources */ = {isa = PBXBuildFile; fileRef = A44DE3EB2A8A3E7D00307CBA /* UserSearchRouter.swift */; };
		A44DE3FC2A90E67A00307CBA /* TagView.swift in Sources */ = {isa = PBXBuildFile; fileRef = A44DE3FB2A90E67A00307CBA /* TagView.swift */; };
		B542F4AD2A138C8200CEA307 /* SkillTableViewCell.swift in Sources */ = {isa = PBXBuildFile; fileRef = B542F4AC2A138C8200CEA307 /* SkillTableViewCell.swift */; };
		B542F4AF2A13A36500CEA307 /* ProjectTableViewCell.swift in Sources */ = {isa = PBXBuildFile; fileRef = B542F4AE2A13A36500CEA307 /* ProjectTableViewCell.swift */; };
		B57D06482A0E44E6003169FE /* UserDetails.swift in Sources */ = {isa = PBXBuildFile; fileRef = B57D06472A0E44E6003169FE /* UserDetails.swift */; };
		B57FB13D2A7BC94700275FDD /* UserSearchCell.swift in Sources */ = {isa = PBXBuildFile; fileRef = B57FB13C2A7BC94700275FDD /* UserSearchCell.swift */; };
		B588CA032A0BA95C00E11921 /* UserDetailsViewController.swift in Sources */ = {isa = PBXBuildFile; fileRef = B588CA022A0BA95C00E11921 /* UserDetailsViewController.swift */; };
		B58AE8922A0B9334004D049E /* AppDelegate.swift in Sources */ = {isa = PBXBuildFile; fileRef = B58AE8912A0B9334004D049E /* AppDelegate.swift */; };
		B58AE8962A0B9334004D049E /* UserSearchViewController.swift in Sources */ = {isa = PBXBuildFile; fileRef = B58AE8952A0B9334004D049E /* UserSearchViewController.swift */; };
		B58AE89B2A0B933D004D049E /* Assets.xcassets in Resources */ = {isa = PBXBuildFile; fileRef = B58AE89A2A0B933D004D049E /* Assets.xcassets */; };
		B58DE3A22A1DFC13003ABAE8 /* SignInViewController.swift in Sources */ = {isa = PBXBuildFile; fileRef = B58DE3A12A1DFC13003ABAE8 /* SignInViewController.swift */; };
		B58DE3A42A1E0F7C003ABAE8 /* AuthHandler.swift in Sources */ = {isa = PBXBuildFile; fileRef = B58DE3A32A1E0F7C003ABAE8 /* AuthHandler.swift */; };
/* End PBXBuildFile section */

/* Begin PBXContainerItemProxy section */
		A44DE3A42A76645B00307CBA /* PBXContainerItemProxy */ = {
			isa = PBXContainerItemProxy;
			containerPortal = B58AE8862A0B9334004D049E /* Project object */;
			proxyType = 1;
			remoteGlobalIDString = B58AE88D2A0B9334004D049E;
			remoteInfo = swifty_companion;
		};
/* End PBXContainerItemProxy section */

/* Begin PBXFileReference section */
		A43978A52A220FCC00406BCB /* AppRouter.swift */ = {isa = PBXFileReference; lastKnownFileType = sourcecode.swift; path = AppRouter.swift; sourceTree = "<group>"; };
		A43978AC2A22444700406BCB /* Launch Screen.storyboard */ = {isa = PBXFileReference; lastKnownFileType = file.storyboard; path = "Launch Screen.storyboard"; sourceTree = "<group>"; };
		A43E63CC2A140D3900FDCDAB /* HTTPClient.swift */ = {isa = PBXFileReference; lastKnownFileType = sourcecode.swift; path = HTTPClient.swift; sourceTree = "<group>"; };
		A43E63CE2A14D53F00FDCDAB /* IURLSession.swift */ = {isa = PBXFileReference; lastKnownFileType = sourcecode.swift; path = IURLSession.swift; sourceTree = "<group>"; };
		A43E63D12A14D5E400FDCDAB /* UserService.swift */ = {isa = PBXFileReference; lastKnownFileType = sourcecode.swift; path = UserService.swift; sourceTree = "<group>"; };
		A43E63D72A18CC0000FDCDAB /* Token.swift */ = {isa = PBXFileReference; lastKnownFileType = sourcecode.swift; path = Token.swift; sourceTree = "<group>"; };
		A44DE39A2A76577600307CBA /* AuthManager.swift */ = {isa = PBXFileReference; lastKnownFileType = sourcecode.swift; path = AuthManager.swift; sourceTree = "<group>"; };
		A44DE3A02A76645B00307CBA /* swifty_companionTests.xctest */ = {isa = PBXFileReference; explicitFileType = wrapper.cfbundle; includeInIndex = 0; path = swifty_companionTests.xctest; sourceTree = BUILT_PRODUCTS_DIR; };
		A44DE3A22A76645B00307CBA /* swifty_companionTests.swift */ = {isa = PBXFileReference; lastKnownFileType = sourcecode.swift; path = swifty_companionTests.swift; sourceTree = "<group>"; };
		A44DE3AA2A76649300307CBA /* AppRouterTests.swift */ = {isa = PBXFileReference; lastKnownFileType = sourcecode.swift; path = AppRouterTests.swift; sourceTree = "<group>"; };
		A44DE3AD2A76663D00307CBA /* AuthManagerMock.swift */ = {isa = PBXFileReference; lastKnownFileType = sourcecode.swift; path = AuthManagerMock.swift; sourceTree = "<group>"; };
		A44DE3AF2A76A0CD00307CBA /* KeyValueStorage.swift */ = {isa = PBXFileReference; lastKnownFileType = sourcecode.swift; path = KeyValueStorage.swift; sourceTree = "<group>"; };
		A44DE3B22A76A27F00307CBA /* KeyValueStorageTests.swift */ = {isa = PBXFileReference; lastKnownFileType = sourcecode.swift; path = KeyValueStorageTests.swift; sourceTree = "<group>"; };
		A44DE3B82A7FC1C800307CBA /* UserSearchResult.swift */ = {isa = PBXFileReference; lastKnownFileType = sourcecode.swift; path = UserSearchResult.swift; sourceTree = "<group>"; };
		A44DE3C12A878CD400307CBA /* UserDetailsSection.swift */ = {isa = PBXFileReference; lastKnownFileType = sourcecode.swift; path = UserDetailsSection.swift; sourceTree = "<group>"; };
		A44DE3C32A88E16900307CBA /* UserDetailsBuilder.swift */ = {isa = PBXFileReference; lastKnownFileType = sourcecode.swift; path = UserDetailsBuilder.swift; sourceTree = "<group>"; };
		A44DE3C52A88E52E00307CBA /* UserDetailsPresenter.swift */ = {isa = PBXFileReference; lastKnownFileType = sourcecode.swift; path = UserDetailsPresenter.swift; sourceTree = "<group>"; };
		A44DE3C72A88F2D400307CBA /* UserSearchBuilder.swift */ = {isa = PBXFileReference; lastKnownFileType = sourcecode.swift; path = UserSearchBuilder.swift; sourceTree = "<group>"; };
		A44DE3C92A88F6C300307CBA /* UserSearchPresenter.swift */ = {isa = PBXFileReference; lastKnownFileType = sourcecode.swift; path = UserSearchPresenter.swift; sourceTree = "<group>"; };
		A44DE3EB2A8A3E7D00307CBA /* UserSearchRouter.swift */ = {isa = PBXFileReference; lastKnownFileType = sourcecode.swift; path = UserSearchRouter.swift; sourceTree = "<group>"; };
		A44DE3FB2A90E67A00307CBA /* TagView.swift */ = {isa = PBXFileReference; lastKnownFileType = sourcecode.swift; path = TagView.swift; sourceTree = "<group>"; };
		B542F4AC2A138C8200CEA307 /* SkillTableViewCell.swift */ = {isa = PBXFileReference; lastKnownFileType = sourcecode.swift; path = SkillTableViewCell.swift; sourceTree = "<group>"; };
		B542F4AE2A13A36500CEA307 /* ProjectTableViewCell.swift */ = {isa = PBXFileReference; lastKnownFileType = sourcecode.swift; path = ProjectTableViewCell.swift; sourceTree = "<group>"; };
		B57D06472A0E44E6003169FE /* UserDetails.swift */ = {isa = PBXFileReference; lastKnownFileType = sourcecode.swift; path = UserDetails.swift; sourceTree = "<group>"; };
		B57FB13C2A7BC94700275FDD /* UserSearchCell.swift */ = {isa = PBXFileReference; lastKnownFileType = sourcecode.swift; path = UserSearchCell.swift; sourceTree = "<group>"; };
		B588CA022A0BA95C00E11921 /* UserDetailsViewController.swift */ = {isa = PBXFileReference; lastKnownFileType = sourcecode.swift; path = UserDetailsViewController.swift; sourceTree = "<group>"; };
		B58AE88E2A0B9334004D049E /* swifty_companion.app */ = {isa = PBXFileReference; explicitFileType = wrapper.application; includeInIndex = 0; path = swifty_companion.app; sourceTree = BUILT_PRODUCTS_DIR; };
		B58AE8912A0B9334004D049E /* AppDelegate.swift */ = {isa = PBXFileReference; lastKnownFileType = sourcecode.swift; path = AppDelegate.swift; sourceTree = "<group>"; };
		B58AE8952A0B9334004D049E /* UserSearchViewController.swift */ = {isa = PBXFileReference; lastKnownFileType = sourcecode.swift; path = UserSearchViewController.swift; sourceTree = "<group>"; };
		B58AE89A2A0B933D004D049E /* Assets.xcassets */ = {isa = PBXFileReference; lastKnownFileType = folder.assetcatalog; path = Assets.xcassets; sourceTree = "<group>"; };
		B58AE89F2A0B933D004D049E /* Info.plist */ = {isa = PBXFileReference; lastKnownFileType = text.plist.xml; path = Info.plist; sourceTree = "<group>"; };
		B58DE3A12A1DFC13003ABAE8 /* SignInViewController.swift */ = {isa = PBXFileReference; lastKnownFileType = sourcecode.swift; path = SignInViewController.swift; sourceTree = "<group>"; };
		B58DE3A32A1E0F7C003ABAE8 /* AuthHandler.swift */ = {isa = PBXFileReference; lastKnownFileType = sourcecode.swift; path = AuthHandler.swift; sourceTree = "<group>"; };
/* End PBXFileReference section */

/* Begin PBXFrameworksBuildPhase section */
		A44DE39D2A76645B00307CBA /* Frameworks */ = {
			isa = PBXFrameworksBuildPhase;
			buildActionMask = 2147483647;
			files = (
			);
			runOnlyForDeploymentPostprocessing = 0;
		};
		B58AE88B2A0B9334004D049E /* Frameworks */ = {
			isa = PBXFrameworksBuildPhase;
			buildActionMask = 2147483647;
			files = (
			);
			runOnlyForDeploymentPostprocessing = 0;
		};
/* End PBXFrameworksBuildPhase section */

/* Begin PBXGroup section */
		A43978A72A220FDA00406BCB /* Application */ = {
			isa = PBXGroup;
			children = (
				B58AE8912A0B9334004D049E /* AppDelegate.swift */,
				A43978A52A220FCC00406BCB /* AppRouter.swift */,
			);
			path = Application;
			sourceTree = "<group>";
		};
		A43978A82A2210B200406BCB /* SignIn */ = {
			isa = PBXGroup;
			children = (
				B58DE3A12A1DFC13003ABAE8 /* SignInViewController.swift */,
			);
			path = SignIn;
			sourceTree = "<group>";
		};
		A43978A92A2210BF00406BCB /* UserSearch */ = {
			isa = PBXGroup;
			children = (
				B58AE8952A0B9334004D049E /* UserSearchViewController.swift */,
				B57FB13C2A7BC94700275FDD /* UserSearchCell.swift */,
				A44DE3C72A88F2D400307CBA /* UserSearchBuilder.swift */,
				A44DE3C92A88F6C300307CBA /* UserSearchPresenter.swift */,
				A44DE3EB2A8A3E7D00307CBA /* UserSearchRouter.swift */,
				A44DE3FB2A90E67A00307CBA /* TagView.swift */,
			);
			path = UserSearch;
			sourceTree = "<group>";
		};
		A43978AA2A2210D000406BCB /* UserDetails */ = {
			isa = PBXGroup;
			children = (
				B588CA022A0BA95C00E11921 /* UserDetailsViewController.swift */,
				B542F4AC2A138C8200CEA307 /* SkillTableViewCell.swift */,
				B542F4AE2A13A36500CEA307 /* ProjectTableViewCell.swift */,
				A44DE3C12A878CD400307CBA /* UserDetailsSection.swift */,
				A44DE3C32A88E16900307CBA /* UserDetailsBuilder.swift */,
				A44DE3C52A88E52E00307CBA /* UserDetailsPresenter.swift */,
			);
			path = UserDetails;
			sourceTree = "<group>";
		};
		A43978AB2A22440900406BCB /* Resources */ = {
			isa = PBXGroup;
			children = (
				B58AE89A2A0B933D004D049E /* Assets.xcassets */,
				B58AE89F2A0B933D004D049E /* Info.plist */,
				A43978AC2A22444700406BCB /* Launch Screen.storyboard */,
			);
			path = Resources;
			sourceTree = "<group>";
		};
		A43E63CB2A140D2000FDCDAB /* HTTPClient */ = {
			isa = PBXGroup;
			children = (
				A43E63CE2A14D53F00FDCDAB /* IURLSession.swift */,
				A43E63CC2A140D3900FDCDAB /* HTTPClient.swift */,
			);
			path = HTTPClient;
			sourceTree = "<group>";
		};
		A43E63D02A14D5D700FDCDAB /* Services */ = {
			isa = PBXGroup;
			children = (
				A43E63D12A14D5E400FDCDAB /* UserService.swift */,
				B58DE3A32A1E0F7C003ABAE8 /* AuthHandler.swift */,
				A44DE39A2A76577600307CBA /* AuthManager.swift */,
				A44DE3AF2A76A0CD00307CBA /* KeyValueStorage.swift */,
			);
			path = Services;
			sourceTree = "<group>";
		};
		A44DE3A12A76645B00307CBA /* swifty_companionTests */ = {
			isa = PBXGroup;
			children = (
				A44DE3B12A76A26700307CBA /* Services */,
				A44DE3AC2A76662D00307CBA /* Mocks */,
				A44DE3A92A76647B00307CBA /* Application */,
				A44DE3A22A76645B00307CBA /* swifty_companionTests.swift */,
			);
			path = swifty_companionTests;
			sourceTree = "<group>";
		};
		A44DE3A92A76647B00307CBA /* Application */ = {
			isa = PBXGroup;
			children = (
				A44DE3AA2A76649300307CBA /* AppRouterTests.swift */,
			);
			path = Application;
			sourceTree = "<group>";
		};
		A44DE3AC2A76662D00307CBA /* Mocks */ = {
			isa = PBXGroup;
			children = (
				A44DE3AD2A76663D00307CBA /* AuthManagerMock.swift */,
			);
			path = Mocks;
			sourceTree = "<group>";
		};
		A44DE3B12A76A26700307CBA /* Services */ = {
			isa = PBXGroup;
			children = (
				A44DE3B22A76A27F00307CBA /* KeyValueStorageTests.swift */,
			);
			path = Services;
			sourceTree = "<group>";
		};
		B57D06462A0E44BE003169FE /* Model */ = {
			isa = PBXGroup;
			children = (
				B57D06472A0E44E6003169FE /* UserDetails.swift */,
				A43E63D72A18CC0000FDCDAB /* Token.swift */,
				A44DE3B82A7FC1C800307CBA /* UserSearchResult.swift */,
			);
			path = Model;
			sourceTree = "<group>";
		};
		B58AE8852A0B9334004D049E = {
			isa = PBXGroup;
			children = (
				B58AE8902A0B9334004D049E /* swifty_companion */,
				A44DE3A12A76645B00307CBA /* swifty_companionTests */,
				B58AE88F2A0B9334004D049E /* Products */,
			);
			sourceTree = "<group>";
		};
		B58AE88F2A0B9334004D049E /* Products */ = {
			isa = PBXGroup;
			children = (
				B58AE88E2A0B9334004D049E /* swifty_companion.app */,
				A44DE3A02A76645B00307CBA /* swifty_companionTests.xctest */,
			);
			name = Products;
			sourceTree = "<group>";
		};
		B58AE8902A0B9334004D049E /* swifty_companion */ = {
			isa = PBXGroup;
			children = (
				A43978AB2A22440900406BCB /* Resources */,
				A43E63D02A14D5D700FDCDAB /* Services */,
				A43E63CB2A140D2000FDCDAB /* HTTPClient */,
				B57D06462A0E44BE003169FE /* Model */,
				A43978A72A220FDA00406BCB /* Application */,
				B58AE8A52A0B9E7C004D049E /* UserStories */,
			);
			path = swifty_companion;
			sourceTree = "<group>";
		};
		B58AE8A52A0B9E7C004D049E /* UserStories */ = {
			isa = PBXGroup;
			children = (
				A43978A92A2210BF00406BCB /* UserSearch */,
				A43978AA2A2210D000406BCB /* UserDetails */,
				A43978A82A2210B200406BCB /* SignIn */,
			);
			path = UserStories;
			sourceTree = "<group>";
		};
/* End PBXGroup section */

/* Begin PBXNativeTarget section */
		A44DE39F2A76645B00307CBA /* swifty_companionTests */ = {
			isa = PBXNativeTarget;
			buildConfigurationList = A44DE3A62A76645B00307CBA /* Build configuration list for PBXNativeTarget "swifty_companionTests" */;
			buildPhases = (
				A44DE39C2A76645B00307CBA /* Sources */,
				A44DE39D2A76645B00307CBA /* Frameworks */,
				A44DE39E2A76645B00307CBA /* Resources */,
			);
			buildRules = (
			);
			dependencies = (
				A44DE3A52A76645B00307CBA /* PBXTargetDependency */,
			);
			name = swifty_companionTests;
			productName = swifty_companionTests;
			productReference = A44DE3A02A76645B00307CBA /* swifty_companionTests.xctest */;
			productType = "com.apple.product-type.bundle.unit-test";
		};
		B58AE88D2A0B9334004D049E /* swifty_companion */ = {
			isa = PBXNativeTarget;
			buildConfigurationList = B58AE8A22A0B933D004D049E /* Build configuration list for PBXNativeTarget "swifty_companion" */;
			buildPhases = (
				B58AE88A2A0B9334004D049E /* Sources */,
				B58AE88B2A0B9334004D049E /* Frameworks */,
				B58AE88C2A0B9334004D049E /* Resources */,
			);
			buildRules = (
			);
			dependencies = (
			);
			name = swifty_companion;
			productName = swifty_companion;
			productReference = B58AE88E2A0B9334004D049E /* swifty_companion.app */;
			productType = "com.apple.product-type.application";
		};
/* End PBXNativeTarget section */

/* Begin PBXProject section */
		B58AE8862A0B9334004D049E /* Project object */ = {
			isa = PBXProject;
			attributes = {
				LastSwiftUpdateCheck = 1430;
				LastUpgradeCheck = 1130;
				ORGANIZATIONNAME = "Heidi Merianne";
				TargetAttributes = {
					A44DE39F2A76645B00307CBA = {
						CreatedOnToolsVersion = 14.3.1;
						TestTargetID = B58AE88D2A0B9334004D049E;
					};
					B58AE88D2A0B9334004D049E = {
						CreatedOnToolsVersion = 11.3.1;
					};
				};
			};
			buildConfigurationList = B58AE8892A0B9334004D049E /* Build configuration list for PBXProject "swifty_companion" */;
			compatibilityVersion = "Xcode 9.3";
			developmentRegion = en;
			hasScannedForEncodings = 0;
			knownRegions = (
				en,
				Base,
			);
			mainGroup = B58AE8852A0B9334004D049E;
			productRefGroup = B58AE88F2A0B9334004D049E /* Products */;
			projectDirPath = "";
			projectRoot = "";
			targets = (
				B58AE88D2A0B9334004D049E /* swifty_companion */,
				A44DE39F2A76645B00307CBA /* swifty_companionTests */,
			);
		};
/* End PBXProject section */

/* Begin PBXResourcesBuildPhase section */
		A44DE39E2A76645B00307CBA /* Resources */ = {
			isa = PBXResourcesBuildPhase;
			buildActionMask = 2147483647;
			files = (
			);
			runOnlyForDeploymentPostprocessing = 0;
		};
		B58AE88C2A0B9334004D049E /* Resources */ = {
			isa = PBXResourcesBuildPhase;
			buildActionMask = 2147483647;
			files = (
				A43978AD2A22444700406BCB /* Launch Screen.storyboard in Resources */,
				B58AE89B2A0B933D004D049E /* Assets.xcassets in Resources */,
			);
			runOnlyForDeploymentPostprocessing = 0;
		};
/* End PBXResourcesBuildPhase section */

/* Begin PBXSourcesBuildPhase section */
		A44DE39C2A76645B00307CBA /* Sources */ = {
			isa = PBXSourcesBuildPhase;
			buildActionMask = 2147483647;
			files = (
				A44DE3AE2A76663D00307CBA /* AuthManagerMock.swift in Sources */,
				A44DE3AB2A76649300307CBA /* AppRouterTests.swift in Sources */,
				A44DE3A32A76645B00307CBA /* swifty_companionTests.swift in Sources */,
				A44DE3B32A76A27F00307CBA /* KeyValueStorageTests.swift in Sources */,
			);
			runOnlyForDeploymentPostprocessing = 0;
		};
		B58AE88A2A0B9334004D049E /* Sources */ = {
			isa = PBXSourcesBuildPhase;
			buildActionMask = 2147483647;
			files = (
				A43E63D22A14D5E400FDCDAB /* UserService.swift in Sources */,
				B57D06482A0E44E6003169FE /* UserDetails.swift in Sources */,
				A43E63D82A18CC0000FDCDAB /* Token.swift in Sources */,
				B542F4AF2A13A36500CEA307 /* ProjectTableViewCell.swift in Sources */,
				A44DE3C82A88F2D400307CBA /* UserSearchBuilder.swift in Sources */,
				A44DE3B92A7FC1C800307CBA /* UserSearchResult.swift in Sources */,
				B57FB13D2A7BC94700275FDD /* UserSearchCell.swift in Sources */,
				A44DE39B2A76577600307CBA /* AuthManager.swift in Sources */,
				A43978A62A220FCC00406BCB /* AppRouter.swift in Sources */,
				A44DE3B02A76A0CD00307CBA /* KeyValueStorage.swift in Sources */,
				A44DE3C22A878CD400307CBA /* UserDetailsSection.swift in Sources */,
				A44DE3CA2A88F6C300307CBA /* UserSearchPresenter.swift in Sources */,
				A44DE3C62A88E52E00307CBA /* UserDetailsPresenter.swift in Sources */,
				A44DE3EC2A8A3E7D00307CBA /* UserSearchRouter.swift in Sources */,
				B542F4AD2A138C8200CEA307 /* SkillTableViewCell.swift in Sources */,
				B58DE3A42A1E0F7C003ABAE8 /* AuthHandler.swift in Sources */,
				A43E63CD2A140D3900FDCDAB /* HTTPClient.swift in Sources */,
				A43E63CF2A14D53F00FDCDAB /* IURLSession.swift in Sources */,
				B58DE3A22A1DFC13003ABAE8 /* SignInViewController.swift in Sources */,
				B58AE8962A0B9334004D049E /* UserSearchViewController.swift in Sources */,
				B588CA032A0BA95C00E11921 /* UserDetailsViewController.swift in Sources */,
				B58AE8922A0B9334004D049E /* AppDelegate.swift in Sources */,
				A44DE3C42A88E16900307CBA /* UserDetailsBuilder.swift in Sources */,
				A44DE3FC2A90E67A00307CBA /* TagView.swift in Sources */,
			);
			runOnlyForDeploymentPostprocessing = 0;
		};
/* End PBXSourcesBuildPhase section */

/* Begin PBXTargetDependency section */
		A44DE3A52A76645B00307CBA /* PBXTargetDependency */ = {
			isa = PBXTargetDependency;
			target = B58AE88D2A0B9334004D049E /* swifty_companion */;
			targetProxy = A44DE3A42A76645B00307CBA /* PBXContainerItemProxy */;
		};
/* End PBXTargetDependency section */

/* Begin XCBuildConfiguration section */
		A44DE3A72A76645B00307CBA /* Debug */ = {
			isa = XCBuildConfiguration;
			buildSettings = {
				BUNDLE_LOADER = "$(TEST_HOST)";
				CLANG_CXX_LANGUAGE_STANDARD = "gnu++20";
				CLANG_WARN_QUOTED_INCLUDE_IN_FRAMEWORK_HEADER = YES;
				CODE_SIGN_STYLE = Automatic;
				CURRENT_PROJECT_VERSION = 1;
				DEVELOPMENT_TEAM = 5XJD2AR6K6;
				GENERATE_INFOPLIST_FILE = YES;
				IPHONEOS_DEPLOYMENT_TARGET = 16.4;
				MACOSX_DEPLOYMENT_TARGET = 13.3;
				MARKETING_VERSION = 1.0;
				PRODUCT_BUNDLE_IDENTIFIER = "com.zu.swifty-companionTests";
				PRODUCT_NAME = "$(TARGET_NAME)";
				SDKROOT = auto;
				SUPPORTED_PLATFORMS = "iphoneos iphonesimulator macosx";
				SWIFT_EMIT_LOC_STRINGS = NO;
				SWIFT_VERSION = 5.0;
				TARGETED_DEVICE_FAMILY = "1,2";
				TEST_HOST = "$(BUILT_PRODUCTS_DIR)/swifty_companion.app/$(BUNDLE_EXECUTABLE_FOLDER_PATH)/swifty_companion";
			};
			name = Debug;
		};
		A44DE3A82A76645B00307CBA /* Release */ = {
			isa = XCBuildConfiguration;
			buildSettings = {
				BUNDLE_LOADER = "$(TEST_HOST)";
				CLANG_CXX_LANGUAGE_STANDARD = "gnu++20";
				CLANG_WARN_QUOTED_INCLUDE_IN_FRAMEWORK_HEADER = YES;
				CODE_SIGN_STYLE = Automatic;
				CURRENT_PROJECT_VERSION = 1;
				DEVELOPMENT_TEAM = 5XJD2AR6K6;
				GENERATE_INFOPLIST_FILE = YES;
				IPHONEOS_DEPLOYMENT_TARGET = 16.4;
				MACOSX_DEPLOYMENT_TARGET = 13.3;
				MARKETING_VERSION = 1.0;
				PRODUCT_BUNDLE_IDENTIFIER = "com.zu.swifty-companionTests";
				PRODUCT_NAME = "$(TARGET_NAME)";
				SDKROOT = auto;
				SUPPORTED_PLATFORMS = "iphoneos iphonesimulator macosx";
				SWIFT_EMIT_LOC_STRINGS = NO;
				SWIFT_VERSION = 5.0;
				TARGETED_DEVICE_FAMILY = "1,2";
				TEST_HOST = "$(BUILT_PRODUCTS_DIR)/swifty_companion.app/$(BUNDLE_EXECUTABLE_FOLDER_PATH)/swifty_companion";
			};
			name = Release;
		};
		B58AE8A02A0B933D004D049E /* Debug */ = {
			isa = XCBuildConfiguration;
			buildSettings = {
				ALWAYS_SEARCH_USER_PATHS = NO;
				CLANG_ANALYZER_NONNULL = YES;
				CLANG_ANALYZER_NUMBER_OBJECT_CONVERSION = YES_AGGRESSIVE;
				CLANG_CXX_LANGUAGE_STANDARD = "gnu++14";
				CLANG_CXX_LIBRARY = "libc++";
				CLANG_ENABLE_MODULES = YES;
				CLANG_ENABLE_OBJC_ARC = YES;
				CLANG_ENABLE_OBJC_WEAK = YES;
				CLANG_WARN_BLOCK_CAPTURE_AUTORELEASING = YES;
				CLANG_WARN_BOOL_CONVERSION = YES;
				CLANG_WARN_COMMA = YES;
				CLANG_WARN_CONSTANT_CONVERSION = YES;
				CLANG_WARN_DEPRECATED_OBJC_IMPLEMENTATIONS = YES;
				CLANG_WARN_DIRECT_OBJC_ISA_USAGE = YES_ERROR;
				CLANG_WARN_DOCUMENTATION_COMMENTS = YES;
				CLANG_WARN_EMPTY_BODY = YES;
				CLANG_WARN_ENUM_CONVERSION = YES;
				CLANG_WARN_INFINITE_RECURSION = YES;
				CLANG_WARN_INT_CONVERSION = YES;
				CLANG_WARN_NON_LITERAL_NULL_CONVERSION = YES;
				CLANG_WARN_OBJC_IMPLICIT_RETAIN_SELF = YES;
				CLANG_WARN_OBJC_LITERAL_CONVERSION = YES;
				CLANG_WARN_OBJC_ROOT_CLASS = YES_ERROR;
				CLANG_WARN_RANGE_LOOP_ANALYSIS = YES;
				CLANG_WARN_STRICT_PROTOTYPES = YES;
				CLANG_WARN_SUSPICIOUS_MOVE = YES;
				CLANG_WARN_UNGUARDED_AVAILABILITY = YES_AGGRESSIVE;
				CLANG_WARN_UNREACHABLE_CODE = YES;
				CLANG_WARN__DUPLICATE_METHOD_MATCH = YES;
				COPY_PHASE_STRIP = NO;
				DEBUG_INFORMATION_FORMAT = dwarf;
				ENABLE_STRICT_OBJC_MSGSEND = YES;
				ENABLE_TESTABILITY = YES;
				GCC_C_LANGUAGE_STANDARD = gnu11;
				GCC_DYNAMIC_NO_PIC = NO;
				GCC_NO_COMMON_BLOCKS = YES;
				GCC_OPTIMIZATION_LEVEL = 0;
				GCC_PREPROCESSOR_DEFINITIONS = (
					"DEBUG=1",
					"$(inherited)",
				);
				GCC_WARN_64_TO_32_BIT_CONVERSION = YES;
				GCC_WARN_ABOUT_RETURN_TYPE = YES_ERROR;
				GCC_WARN_UNDECLARED_SELECTOR = YES;
				GCC_WARN_UNINITIALIZED_AUTOS = YES_AGGRESSIVE;
				GCC_WARN_UNUSED_FUNCTION = YES;
				GCC_WARN_UNUSED_VARIABLE = YES;
				IPHONEOS_DEPLOYMENT_TARGET = 13.2;
				MTL_ENABLE_DEBUG_INFO = INCLUDE_SOURCE;
				MTL_FAST_MATH = YES;
				ONLY_ACTIVE_ARCH = YES;
				SDKROOT = iphoneos;
				SWIFT_ACTIVE_COMPILATION_CONDITIONS = DEBUG;
				SWIFT_OPTIMIZATION_LEVEL = "-Onone";
			};
			name = Debug;
		};
		B58AE8A12A0B933D004D049E /* Release */ = {
			isa = XCBuildConfiguration;
			buildSettings = {
				ALWAYS_SEARCH_USER_PATHS = NO;
				CLANG_ANALYZER_NONNULL = YES;
				CLANG_ANALYZER_NUMBER_OBJECT_CONVERSION = YES_AGGRESSIVE;
				CLANG_CXX_LANGUAGE_STANDARD = "gnu++14";
				CLANG_CXX_LIBRARY = "libc++";
				CLANG_ENABLE_MODULES = YES;
				CLANG_ENABLE_OBJC_ARC = YES;
				CLANG_ENABLE_OBJC_WEAK = YES;
				CLANG_WARN_BLOCK_CAPTURE_AUTORELEASING = YES;
				CLANG_WARN_BOOL_CONVERSION = YES;
				CLANG_WARN_COMMA = YES;
				CLANG_WARN_CONSTANT_CONVERSION = YES;
				CLANG_WARN_DEPRECATED_OBJC_IMPLEMENTATIONS = YES;
				CLANG_WARN_DIRECT_OBJC_ISA_USAGE = YES_ERROR;
				CLANG_WARN_DOCUMENTATION_COMMENTS = YES;
				CLANG_WARN_EMPTY_BODY = YES;
				CLANG_WARN_ENUM_CONVERSION = YES;
				CLANG_WARN_INFINITE_RECURSION = YES;
				CLANG_WARN_INT_CONVERSION = YES;
				CLANG_WARN_NON_LITERAL_NULL_CONVERSION = YES;
				CLANG_WARN_OBJC_IMPLICIT_RETAIN_SELF = YES;
				CLANG_WARN_OBJC_LITERAL_CONVERSION = YES;
				CLANG_WARN_OBJC_ROOT_CLASS = YES_ERROR;
				CLANG_WARN_RANGE_LOOP_ANALYSIS = YES;
				CLANG_WARN_STRICT_PROTOTYPES = YES;
				CLANG_WARN_SUSPICIOUS_MOVE = YES;
				CLANG_WARN_UNGUARDED_AVAILABILITY = YES_AGGRESSIVE;
				CLANG_WARN_UNREACHABLE_CODE = YES;
				CLANG_WARN__DUPLICATE_METHOD_MATCH = YES;
				COPY_PHASE_STRIP = NO;
				DEBUG_INFORMATION_FORMAT = "dwarf-with-dsym";
				ENABLE_NS_ASSERTIONS = NO;
				ENABLE_STRICT_OBJC_MSGSEND = YES;
				GCC_C_LANGUAGE_STANDARD = gnu11;
				GCC_NO_COMMON_BLOCKS = YES;
				GCC_WARN_64_TO_32_BIT_CONVERSION = YES;
				GCC_WARN_ABOUT_RETURN_TYPE = YES_ERROR;
				GCC_WARN_UNDECLARED_SELECTOR = YES;
				GCC_WARN_UNINITIALIZED_AUTOS = YES_AGGRESSIVE;
				GCC_WARN_UNUSED_FUNCTION = YES;
				GCC_WARN_UNUSED_VARIABLE = YES;
				IPHONEOS_DEPLOYMENT_TARGET = 13.2;
				MTL_ENABLE_DEBUG_INFO = NO;
				MTL_FAST_MATH = YES;
				SDKROOT = iphoneos;
				SWIFT_COMPILATION_MODE = wholemodule;
				SWIFT_OPTIMIZATION_LEVEL = "-O";
				VALIDATE_PRODUCT = YES;
			};
			name = Release;
		};
		B58AE8A32A0B933D004D049E /* Debug */ = {
			isa = XCBuildConfiguration;
			buildSettings = {
				ASSETCATALOG_COMPILER_APPICON_NAME = AppIcon;
				CODE_SIGN_STYLE = Manual;
				DEVELOPMENT_TEAM = "";
				INFOPLIST_FILE = swifty_companion/Resources/Info.plist;
				LD_RUNPATH_SEARCH_PATHS = (
					"$(inherited)",
					"@executable_path/Frameworks",
				);
				PRODUCT_BUNDLE_IDENTIFIER = "com.zu.swifty-companion";
				PRODUCT_NAME = "$(TARGET_NAME)";
				PROVISIONING_PROFILE_SPECIFIER = "";
				SWIFT_VERSION = 5.0;
				TARGETED_DEVICE_FAMILY = 1;
			};
			name = Debug;
		};
		B58AE8A42A0B933D004D049E /* Release */ = {
			isa = XCBuildConfiguration;
			buildSettings = {
				ASSETCATALOG_COMPILER_APPICON_NAME = AppIcon;
				CODE_SIGN_STYLE = Manual;
				DEVELOPMENT_TEAM = "";
				INFOPLIST_FILE = swifty_companion/Resources/Info.plist;
				LD_RUNPATH_SEARCH_PATHS = (
					"$(inherited)",
					"@executable_path/Frameworks",
				);
				PRODUCT_BUNDLE_IDENTIFIER = "com.zu.swifty-companion";
				PRODUCT_NAME = "$(TARGET_NAME)";
				PROVISIONING_PROFILE_SPECIFIER = "";
				SWIFT_VERSION = 5.0;
				TARGETED_DEVICE_FAMILY = 1;
			};
			name = Release;
		};
/* End XCBuildConfiguration section */

/* Begin XCConfigurationList section */
		A44DE3A62A76645B00307CBA /* Build configuration list for PBXNativeTarget "swifty_companionTests" */ = {
			isa = XCConfigurationList;
			buildConfigurations = (
				A44DE3A72A76645B00307CBA /* Debug */,
				A44DE3A82A76645B00307CBA /* Release */,
			);
			defaultConfigurationIsVisible = 0;
			defaultConfigurationName = Release;
		};
		B58AE8892A0B9334004D049E /* Build configuration list for PBXProject "swifty_companion" */ = {
			isa = XCConfigurationList;
			buildConfigurations = (
				B58AE8A02A0B933D004D049E /* Debug */,
				B58AE8A12A0B933D004D049E /* Release */,
			);
			defaultConfigurationIsVisible = 0;
			defaultConfigurationName = Release;
		};
		B58AE8A22A0B933D004D049E /* Build configuration list for PBXNativeTarget "swifty_companion" */ = {
			isa = XCConfigurationList;
			buildConfigurations = (
				B58AE8A32A0B933D004D049E /* Debug */,
				B58AE8A42A0B933D004D049E /* Release */,
			);
			defaultConfigurationIsVisible = 0;
			defaultConfigurationName = Release;
		};
/* End XCConfigurationList section */
	};
	rootObject = B58AE8862A0B9334004D049E /* Project object */;
}
